// !$*UTF8*$!
{
	archiveVersion = 1;
	classes = {
	};
	objectVersion = 56;
	objects = {

/* Begin PBXBuildFile section */
		483121932EEDE27A00AC614C /* AIMagicControlsView.swift in Sources */ = {isa = PBXBuildFile; fileRef = 483121922EEDE27A00AC614C /* AIMagicControlsView.swift */; };
		483121952EEDE27B00AC614D /* TranscriptionManager.swift in Sources */ = {isa = PBXBuildFile; fileRef = 483121942EEDE27B00AC614D /* TranscriptionManager.swift */; };
		483121972EEDE27C00AC614E /* TranscriptionDatabase.swift in Sources */ = {isa = PBXBuildFile; fileRef = 483121962EEDE27C00AC614E /* TranscriptionDatabase.swift */; };
		483121982EEDE27D00AC614F /* TranscriptionQueue.swift in Sources */ = {isa = PBXBuildFile; fileRef = 483121972EEDE27D00AC614F /* TranscriptionQueue.swift */; };
		483121972EEFCC3E00AC614C /* GRDB in Frameworks */ = {isa = PBXBuildFile; productRef = 483121962EEFCC3E00AC614C /* GRDB */; };
		4865BB8C2EEFCDAF0005A693 /* GRDB in Frameworks */ = {isa = PBXBuildFile; productRef = 4865BB8B2EEFCDAF0005A693 /* GRDB */; };
		4897A06B2EE902FB0042A919 /* GoogleSignIn in Frameworks */ = {isa = PBXBuildFile; productRef = 4897A06A2EE902FB0042A919 /* GoogleSignIn */; };
		A1000001 /* AudioBookPlayerApp.swift in Sources */ = {isa = PBXBuildFile; fileRef = A1000000 /* AudioBookPlayerApp.swift */; };
		A1000003 /* ContentView.swift in Sources */ = {isa = PBXBuildFile; fileRef = A1000002 /* ContentView.swift */; };
		A1000005 /* Assets.xcassets in Resources */ = {isa = PBXBuildFile; fileRef = A1000004 /* Assets.xcassets */; };
		A1000008 /* Preview Assets.xcassets in Resources */ = {isa = PBXBuildFile; fileRef = A1000007 /* Preview Assets.xcassets */; };
		A1000010 /* Models.swift in Sources */ = {isa = PBXBuildFile; fileRef = A1000009 /* Models.swift */; };
		A1000012 /* AudioManager.swift in Sources */ = {isa = PBXBuildFile; fileRef = A1000011 /* AudioManager.swift */; };
		A1000014 /* PlayerView.swift in Sources */ = {isa = PBXBuildFile; fileRef = A1000013 /* PlayerView.swift */; };
		A1000016 /* LibraryView.swift in Sources */ = {isa = PBXBuildFile; fileRef = A1000015 /* LibraryView.swift */; };
		A1000018 /* SettingsView.swift in Sources */ = {isa = PBXBuildFile; fileRef = A1000017 /* SettingsView.swift */; };
		A1000020 /* PersistenceManager.swift in Sources */ = {isa = PBXBuildFile; fileRef = A1000019 /* PersistenceManager.swift */; };
		A1000023 /* FileManager.swift in Sources */ = {isa = PBXBuildFile; fileRef = A1000024 /* FileManager.swift */; };
		A1000044 /* DocumentPicker.swift in Sources */ = {isa = PBXBuildFile; fileRef = A1000026 /* DocumentPicker.swift */; };
		A1000046 /* LaunchScreen.storyboard in Resources */ = {isa = PBXBuildFile; fileRef = A1000047 /* LaunchScreen.storyboard */; };
		A1000048 /* GoogleDriveManager.swift in Sources */ = {isa = PBXBuildFile; fileRef = A1000049 /* GoogleDriveManager.swift */; };
		A1000050 /* GoogleDrivePickerView.swift in Sources */ = {isa = PBXBuildFile; fileRef = A1000051 /* GoogleDrivePickerView.swift */; };
		A1000052 /* CoverImageManager.swift in Sources */ = {isa = PBXBuildFile; fileRef = A1000053 /* CoverImageManager.swift */; };
		A1000054 /* SleepTimerFullScreenView.swift in Sources */ = {isa = PBXBuildFile; fileRef = A1000055 /* SleepTimerFullScreenView.swift */; };
		A1000056 /* InterruptionToastView.swift in Sources */ = {isa = PBXBuildFile; fileRef = A1000057 /* InterruptionToastView.swift */; };
/* End PBXBuildFile section */

/* Begin PBXFileReference section */
		483121922EEDE27A00AC614C /* AIMagicControlsView.swift */ = {isa = PBXFileReference; lastKnownFileType = sourcecode.swift; path = AIMagicControlsView.swift; sourceTree = "<group>"; };
		483121942EEDE27B00AC614D /* TranscriptionManager.swift */ = {isa = PBXFileReference; lastKnownFileType = sourcecode.swift; path = TranscriptionManager.swift; sourceTree = "<group>"; };
		483121962EEDE27C00AC614E /* TranscriptionDatabase.swift */ = {isa = PBXFileReference; lastKnownFileType = sourcecode.swift; path = TranscriptionDatabase.swift; sourceTree = "<group>"; };
		483121972EEDE27D00AC614F /* TranscriptionQueue.swift */ = {isa = PBXFileReference; lastKnownFileType = sourcecode.swift; path = TranscriptionQueue.swift; sourceTree = "<group>"; };
		A1000000 /* AudioBookPlayerApp.swift */ = {isa = PBXFileReference; lastKnownFileType = sourcecode.swift; path = AudioBookPlayerApp.swift; sourceTree = "<group>"; };
		A1000002 /* ContentView.swift */ = {isa = PBXFileReference; lastKnownFileType = sourcecode.swift; path = ContentView.swift; sourceTree = "<group>"; };
		A1000004 /* Assets.xcassets */ = {isa = PBXFileReference; lastKnownFileType = folder.assetcatalog; path = Assets.xcassets; sourceTree = "<group>"; };
		A1000007 /* Preview Assets.xcassets */ = {isa = PBXFileReference; lastKnownFileType = folder.assetcatalog; path = "Preview Assets.xcassets"; sourceTree = "<group>"; };
		A1000009 /* Models.swift */ = {isa = PBXFileReference; lastKnownFileType = sourcecode.swift; path = Models.swift; sourceTree = "<group>"; };
		A1000011 /* AudioManager.swift */ = {isa = PBXFileReference; lastKnownFileType = sourcecode.swift; path = AudioManager.swift; sourceTree = "<group>"; };
		A1000013 /* PlayerView.swift */ = {isa = PBXFileReference; lastKnownFileType = sourcecode.swift; path = PlayerView.swift; sourceTree = "<group>"; };
		A1000015 /* LibraryView.swift */ = {isa = PBXFileReference; lastKnownFileType = sourcecode.swift; path = LibraryView.swift; sourceTree = "<group>"; };
		A1000017 /* SettingsView.swift */ = {isa = PBXFileReference; lastKnownFileType = sourcecode.swift; path = SettingsView.swift; sourceTree = "<group>"; };
		A1000019 /* PersistenceManager.swift */ = {isa = PBXFileReference; lastKnownFileType = sourcecode.swift; path = PersistenceManager.swift; sourceTree = "<group>"; };
		A1000021 /* AudioBookPlayer.entitlements */ = {isa = PBXFileReference; lastKnownFileType = text.plist.entitlements; path = AudioBookPlayer.entitlements; sourceTree = "<group>"; };
		A1000022 /* Info.plist */ = {isa = PBXFileReference; lastKnownFileType = text.plist.xml; path = Info.plist; sourceTree = "<group>"; };
		A1000024 /* FileManager.swift */ = {isa = PBXFileReference; lastKnownFileType = sourcecode.swift; path = FileManager.swift; sourceTree = "<group>"; };
		A1000026 /* DocumentPicker.swift */ = {isa = PBXFileReference; lastKnownFileType = sourcecode.swift; path = DocumentPicker.swift; sourceTree = "<group>"; };
		A1000045 /* AudioBookPlayer.app */ = {isa = PBXFileReference; explicitFileType = wrapper.application; includeInIndex = 0; path = AudioBookPlayer.app; sourceTree = BUILT_PRODUCTS_DIR; };
		A1000047 /* LaunchScreen.storyboard */ = {isa = PBXFileReference; fileEncoding = 4; lastKnownFileType = file.storyboard; path = LaunchScreen.storyboard; sourceTree = "<group>"; };
		A1000049 /* GoogleDriveManager.swift */ = {isa = PBXFileReference; lastKnownFileType = sourcecode.swift; path = GoogleDriveManager.swift; sourceTree = "<group>"; };
		A1000051 /* GoogleDrivePickerView.swift */ = {isa = PBXFileReference; lastKnownFileType = sourcecode.swift; path = GoogleDrivePickerView.swift; sourceTree = "<group>"; };
		A1000053 /* CoverImageManager.swift */ = {isa = PBXFileReference; lastKnownFileType = sourcecode.swift; path = CoverImageManager.swift; sourceTree = "<group>"; };
		A1000055 /* SleepTimerFullScreenView.swift */ = {isa = PBXFileReference; lastKnownFileType = sourcecode.swift; path = SleepTimerFullScreenView.swift; sourceTree = "<group>"; };
		A1000057 /* InterruptionToastView.swift */ = {isa = PBXFileReference; lastKnownFileType = sourcecode.swift; path = InterruptionToastView.swift; sourceTree = "<group>"; };
/* End PBXFileReference section */

/* Begin PBXFrameworksBuildPhase section */
		A1000034 /* Frameworks */ = {
			isa = PBXFrameworksBuildPhase;
			buildActionMask = 2147483647;
			files = (
				4897A06B2EE902FB0042A919 /* GoogleSignIn in Frameworks */,
				483121972EEFCC3E00AC614C /* GRDB in Frameworks */,
				4865BB8C2EEFCDAF0005A693 /* GRDB in Frameworks */,
			);
			runOnlyForDeploymentPostprocessing = 0;
		};
/* End PBXFrameworksBuildPhase section */

/* Begin PBXGroup section */
		A1000025 /* AudioBookPlayer */ = {
			isa = PBXGroup;
			children = (
				A1000000 /* AudioBookPlayerApp.swift */,
				A1000002 /* ContentView.swift */,
				A1000027 /* Views */,
				A1000028 /* Models */,
				A1000029 /* Managers */,
				A1000004 /* Assets.xcassets */,
				A1000022 /* Info.plist */,
				A1000021 /* AudioBookPlayer.entitlements */,
				A1000047 /* LaunchScreen.storyboard */,
			);
			path = AudioBookPlayer;
			sourceTree = "<group>";
		};
		A1000027 /* Views */ = {
			isa = PBXGroup;
			children = (
				483121922EEDE27A00AC614C /* AIMagicControlsView.swift */,
				A1000013 /* PlayerView.swift */,
				A1000015 /* LibraryView.swift */,
				A1000017 /* SettingsView.swift */,
				A1000026 /* DocumentPicker.swift */,
				A1000051 /* GoogleDrivePickerView.swift */,
				A1000055 /* SleepTimerFullScreenView.swift */,
				A1000057 /* InterruptionToastView.swift */,
			);
			path = Views;
			sourceTree = "<group>";
		};
		A1000028 /* Models */ = {
			isa = PBXGroup;
			children = (
				A1000009 /* Models.swift */,
			);
			path = Models;
			sourceTree = "<group>";
		};
		A1000029 /* Managers */ = {
			isa = PBXGroup;
			children = (
				A1000011 /* AudioManager.swift */,
				483121942EEDE27B00AC614D /* TranscriptionManager.swift */,
				483121962EEDE27C00AC614E /* TranscriptionDatabase.swift */,
				483121972EEDE27D00AC614F /* TranscriptionQueue.swift */,
				A1000019 /* PersistenceManager.swift */,
				A1000024 /* FileManager.swift */,
				A1000049 /* GoogleDriveManager.swift */,
				A1000053 /* CoverImageManager.swift */,
			);
			path = Managers;
			sourceTree = "<group>";
		};
		A1000041 = {
			isa = PBXGroup;
			children = (
				A1000025 /* AudioBookPlayer */,
				A1000042 /* Preview Content */,
				A1000043 /* Products */,
			);
			sourceTree = "<group>";
		};
		A1000042 /* Preview Content */ = {
			isa = PBXGroup;
			children = (
				A1000007 /* Preview Assets.xcassets */,
			);
			path = "Preview Content";
			sourceTree = "<group>";
		};
		A1000043 /* Products */ = {
			isa = PBXGroup;
			children = (
				A1000045 /* AudioBookPlayer.app */,
			);
			name = Products;
			sourceTree = "<group>";
		};
/* End PBXGroup section */

/* Begin PBXNativeTarget section */
		A1000030 /* AudioBookPlayer */ = {
			isa = PBXNativeTarget;
			buildConfigurationList = A1000031 /* Build configuration list for PBXNativeTarget "AudioBookPlayer" */;
			buildPhases = (
				A1000032 /* Sources */,
				A1000034 /* Frameworks */,
				A1000033 /* Resources */,
			);
			buildRules = (
			);
			dependencies = (
			);
			name = AudioBookPlayer;
			productName = AudioBookPlayer;
			productReference = A1000045 /* AudioBookPlayer.app */;
			productType = "com.apple.product-type.application";
		};
/* End PBXNativeTarget section */

/* Begin PBXProject section */
		A1000035 /* Project object */ = {
			isa = PBXProject;
			attributes = {
				BuildIndependentTargetsInParallel = 1;
				LastSwiftUpdateCheck = 1500;
				LastUpgradeCheck = 2610;
			};
			buildConfigurationList = A1000036 /* Build configuration list for PBXProject "AudioBookPlayer" */;
			compatibilityVersion = "Xcode 14.0";
			developmentRegion = en;
			hasScannedForEncodings = 0;
			knownRegions = (
				en,
				Base,
			);
			mainGroup = A1000041;
			packageReferences = (
				4897A0692EE902FB0042A919 /* XCRemoteSwiftPackageReference "GoogleSignIn-iOS" */,
				483121952EEFCC3E00AC614C /* XCRemoteSwiftPackageReference "GRDB" */,
			);
			productRefGroup = A1000043 /* Products */;
			projectDirPath = "";
			projectRoot = "";
			targets = (
				A1000030 /* AudioBookPlayer */,
			);
		};
/* End PBXProject section */

/* Begin PBXResourcesBuildPhase section */
		A1000033 /* Resources */ = {
			isa = PBXResourcesBuildPhase;
			buildActionMask = 2147483647;
			files = (
				A1000008 /* Preview Assets.xcassets in Resources */,
				A1000005 /* Assets.xcassets in Resources */,
				A1000046 /* LaunchScreen.storyboard in Resources */,
			);
			runOnlyForDeploymentPostprocessing = 0;
		};
/* End PBXResourcesBuildPhase section */

/* Begin PBXSourcesBuildPhase section */
		A1000032 /* Sources */ = {
			isa = PBXSourcesBuildPhase;
			buildActionMask = 2147483647;
			files = (
				A1000003 /* ContentView.swift in Sources */,
				A1000010 /* Models.swift in Sources */,
				A1000012 /* AudioManager.swift in Sources */,
				A1000014 /* PlayerView.swift in Sources */,
				A1000016 /* LibraryView.swift in Sources */,
				A1000018 /* SettingsView.swift in Sources */,
				A1000020 /* PersistenceManager.swift in Sources */,
				A1000044 /* DocumentPicker.swift in Sources */,
				A1000023 /* FileManager.swift in Sources */,
				A1000048 /* GoogleDriveManager.swift in Sources */,
				A1000050 /* GoogleDrivePickerView.swift in Sources */,
				A1000052 /* CoverImageManager.swift in Sources */,
				A1000054 /* SleepTimerFullScreenView.swift in Sources */,
				A1000056 /* InterruptionToastView.swift in Sources */,
				483121932EEDE27A00AC614C /* AIMagicControlsView.swift in Sources */,
				483121952EEDE27B00AC614D /* TranscriptionManager.swift in Sources */,
				483121972EEDE27C00AC614E /* TranscriptionDatabase.swift in Sources */,
				483121982EEDE27D00AC614F /* TranscriptionQueue.swift in Sources */,
				A1000001 /* AudioBookPlayerApp.swift in Sources */,
			);
			runOnlyForDeploymentPostprocessing = 0;
		};
/* End PBXSourcesBuildPhase section */

/* Begin XCBuildConfiguration section */
		A1000037 /* Debug */ = {
			isa = XCBuildConfiguration;
			buildSettings = {
				ALWAYS_SEARCH_USER_PATHS = NO;
				ASSETCATALOG_COMPILER_GENERATE_SWIFT_ASSET_SYMBOL_EXTENSIONS = YES;
				CLANG_ANALYZER_NONNULL = YES;
				CLANG_ANALYZER_NUMBER_OBJECT_CONVERSION = YES_AGGRESSIVE;
				CLANG_CXX_LANGUAGE_STANDARD = "gnu++20";
				CLANG_ENABLE_MODULES = YES;
				CLANG_ENABLE_OBJC_ARC = YES;
				CLANG_ENABLE_OBJC_WEAK = YES;
				CLANG_WARN_BLOCK_CAPTURE_AUTORELEASING = YES;
				CLANG_WARN_BOOL_CONVERSION = YES;
				CLANG_WARN_COMMA = YES;
				CLANG_WARN_CONSTANT_CONVERSION = YES;
				CLANG_WARN_DEPRECATED_OBJC_IMPLEMENTATIONS = YES;
				CLANG_WARN_DIRECT_OBJC_ISA_USAGE = YES_ERROR;
				CLANG_WARN_DOCUMENTATION_COMMENTS = YES;
				CLANG_WARN_EMPTY_BODY = YES;
				CLANG_WARN_ENUM_CONVERSION = YES;
				CLANG_WARN_INFINITE_RECURSION = YES;
				CLANG_WARN_INT_CONVERSION = YES;
				CLANG_WARN_NON_LITERAL_NULL_CONVERSION = YES;
				CLANG_WARN_OBJC_IMPLICIT_RETAIN_SELF = YES;
				CLANG_WARN_OBJC_LITERAL_CONVERSION = YES;
				CLANG_WARN_OBJC_ROOT_CLASS = YES_ERROR;
				CLANG_WARN_QUOTED_INCLUDE_IN_FRAMEWORK_HEADER = YES;
				CLANG_WARN_RANGE_LOOP_ANALYSIS = YES;
				CLANG_WARN_STRICT_PROTOTYPES = YES;
				CLANG_WARN_SUSPICIOUS_MOVE = YES;
				CLANG_WARN_UNGUARDED_AVAILABILITY = YES_AGGRESSIVE;
				CLANG_WARN_UNREACHABLE_CODE = YES;
				CLANG_WARN__DUPLICATE_METHOD_MATCH = YES;
				COPY_PHASE_STRIP = NO;
				DEBUG_INFORMATION_FORMAT = dwarf;
				DEVELOPMENT_TEAM = 3G9T3473T9;
				ENABLE_STRICT_OBJC_MSGSEND = YES;
				ENABLE_TESTABILITY = YES;
				ENABLE_USER_SCRIPT_SANDBOXING = YES;
				GCC_C_LANGUAGE_STANDARD = gnu17;
				GCC_DYNAMIC_NO_PIC = NO;
				GCC_NO_COMMON_BLOCKS = YES;
				GCC_OPTIMIZATION_LEVEL = 0;
				GCC_PREPROCESSOR_DEFINITIONS = (
					"DEBUG=1",
					"$(inherited)",
				);
				GCC_WARN_64_TO_32_BIT_CONVERSION = YES;
				GCC_WARN_ABOUT_RETURN_TYPE = YES_ERROR;
				GCC_WARN_UNDECLARED_SELECTOR = YES;
				GCC_WARN_UNINITIALIZED_AUTOS = YES_AGGRESSIVE;
				GCC_WARN_UNUSED_FUNCTION = YES;
				GCC_WARN_UNUSED_VARIABLE = YES;
				IPHONEOS_DEPLOYMENT_TARGET = 17.0;
				LOCALIZATION_PREFERENCE_KEYS = "AppleLanguages AppleLocale";
				MTL_ENABLE_DEBUG_INFO = INCLUDE_SOURCE;
				MTL_FAST_MATH = YES;
				ONLY_ACTIVE_ARCH = YES;
				SDKROOT = iphoneos;
				STRING_CATALOG_GENERATE_SYMBOLS = YES;
				SWIFT_ACTIVE_COMPILATION_CONDITIONS = "DEBUG $(inherited)";
				SWIFT_OPTIMIZATION_LEVEL = "-Onone";
			};
			name = Debug;
		};
		A1000038 /* Release */ = {
			isa = XCBuildConfiguration;
			buildSettings = {
				ALWAYS_SEARCH_USER_PATHS = NO;
				ASSETCATALOG_COMPILER_GENERATE_SWIFT_ASSET_SYMBOL_EXTENSIONS = YES;
				CLANG_ANALYZER_NONNULL = YES;
				CLANG_ANALYZER_NUMBER_OBJECT_CONVERSION = YES_AGGRESSIVE;
				CLANG_CXX_LANGUAGE_STANDARD = "gnu++20";
				CLANG_ENABLE_MODULES = YES;
				CLANG_ENABLE_OBJC_ARC = YES;
				CLANG_ENABLE_OBJC_WEAK = YES;
				CLANG_WARN_BLOCK_CAPTURE_AUTORELEASING = YES;
				CLANG_WARN_BOOL_CONVERSION = YES;
				CLANG_WARN_COMMA = YES;
				CLANG_WARN_CONSTANT_CONVERSION = YES;
				CLANG_WARN_DEPRECATED_OBJC_IMPLEMENTATIONS = YES;
				CLANG_WARN_DIRECT_OBJC_ISA_USAGE = YES_ERROR;
				CLANG_WARN_DOCUMENTATION_COMMENTS = YES;
				CLANG_WARN_EMPTY_BODY = YES;
				CLANG_WARN_ENUM_CONVERSION = YES;
				CLANG_WARN_INFINITE_RECURSION = YES;
				CLANG_WARN_INT_CONVERSION = YES;
				CLANG_WARN_NON_LITERAL_NULL_CONVERSION = YES;
				CLANG_WARN_OBJC_IMPLICIT_RETAIN_SELF = YES;
				CLANG_WARN_OBJC_LITERAL_CONVERSION = YES;
				CLANG_WARN_OBJC_ROOT_CLASS = YES_ERROR;
				CLANG_WARN_QUOTED_INCLUDE_IN_FRAMEWORK_HEADER = YES;
				CLANG_WARN_RANGE_LOOP_ANALYSIS = YES;
				CLANG_WARN_STRICT_PROTOTYPES = YES;
				CLANG_WARN_SUSPICIOUS_MOVE = YES;
				CLANG_WARN_UNGUARDED_AVAILABILITY = YES_AGGRESSIVE;
				CLANG_WARN_UNREACHABLE_CODE = YES;
				CLANG_WARN__DUPLICATE_METHOD_MATCH = YES;
				COPY_PHASE_STRIP = NO;
				DEBUG_INFORMATION_FORMAT = "dwarf-with-dsym";
				DEVELOPMENT_TEAM = 3G9T3473T9;
				ENABLE_NS_ASSERTIONS = NO;
				ENABLE_STRICT_OBJC_MSGSEND = YES;
				ENABLE_USER_SCRIPT_SANDBOXING = YES;
				GCC_C_LANGUAGE_STANDARD = gnu17;
				GCC_NO_COMMON_BLOCKS = YES;
				GCC_WARN_64_TO_32_BIT_CONVERSION = YES;
				GCC_WARN_ABOUT_RETURN_TYPE = YES_ERROR;
				GCC_WARN_UNDECLARED_SELECTOR = YES;
				GCC_WARN_UNINITIALIZED_AUTOS = YES_AGGRESSIVE;
				GCC_WARN_UNUSED_FUNCTION = YES;
				GCC_WARN_UNUSED_VARIABLE = YES;
				IPHONEOS_DEPLOYMENT_TARGET = 17.0;
				LOCALIZATION_PREFERENCE_KEYS = "AppleLanguages AppleLocale";
				MTL_ENABLE_DEBUG_INFO = NO;
				MTL_FAST_MATH = YES;
				SDKROOT = iphoneos;
				STRING_CATALOG_GENERATE_SYMBOLS = YES;
				SWIFT_COMPILATION_MODE = wholemodule;
				VALIDATE_PRODUCT = YES;
			};
			name = Release;
		};
		A1000039 /* Debug */ = {
			isa = XCBuildConfiguration;
			buildSettings = {
				ASSETCATALOG_COMPILER_APPICON_NAME = AppIcon;
				ASSETCATALOG_COMPILER_GLOBAL_ACCENT_COLOR_NAME = AccentColor;
				CODE_SIGN_ENTITLEMENTS = AudioBookPlayer/AudioBookPlayer.entitlements;
				CODE_SIGN_IDENTITY = "Apple Development";
				CODE_SIGN_STYLE = Automatic;
				CURRENT_PROJECT_VERSION = 1;
				DEVELOPMENT_ASSET_PATHS = "\"AudioBookPlayer/Preview Content\"";
				DEVELOPMENT_TEAM = 3G9T3473T9;
				ENABLE_PREVIEWS = YES;
				GENERATE_INFOPLIST_FILE = NO;
				INFOPLIST_FILE = AudioBookPlayer/Info.plist;
				INFOPLIST_KEY_LSApplicationCategoryType = "public.app-category.books";
				INFOPLIST_KEY_UIApplicationSceneManifest_Generation = YES;
				INFOPLIST_KEY_UIApplicationSupportsIndirectInputEvents = YES;
				INFOPLIST_KEY_UILaunchScreen_Generation = YES;
				INFOPLIST_KEY_UISupportedInterfaceOrientations_iPad = "UIInterfaceOrientationPortrait UIInterfaceOrientationPortraitUpsideDown UIInterfaceOrientationLandscapeLeft UIInterfaceOrientationLandscapeRight";
				INFOPLIST_KEY_UISupportedInterfaceOrientations_iPhone = "UIInterfaceOrientationPortrait UIInterfaceOrientationLandscapeLeft UIInterfaceOrientationLandscapeRight";
				LD_RUNPATH_SEARCH_PATHS = (
					"$(inherited)",
					"@executable_path/Frameworks",
				);
				MARKETING_VERSION = 1.0;
				ONLY_ACTIVE_ARCH = NO;
				PRODUCT_BUNDLE_IDENTIFIER = com.eladkatz.audiobookplayer;
				PRODUCT_NAME = "$(TARGET_NAME)";
				PROVISIONING_PROFILE_SPECIFIER = "";
				SWIFT_EMIT_LOC_STRINGS = YES;
				SWIFT_VERSION = 5.0;
				TARGETED_DEVICE_FAMILY = "1,2";
			};
			name = Debug;
		};
		A1000040 /* Release */ = {
			isa = XCBuildConfiguration;
			buildSettings = {
				ASSETCATALOG_COMPILER_APPICON_NAME = AppIcon;
				ASSETCATALOG_COMPILER_GLOBAL_ACCENT_COLOR_NAME = AccentColor;
				CODE_SIGN_ENTITLEMENTS = AudioBookPlayer/AudioBookPlayer.entitlements;
				CODE_SIGN_IDENTITY = "Apple Development";
				CODE_SIGN_STYLE = Automatic;
				CURRENT_PROJECT_VERSION = 1;
				DEVELOPMENT_ASSET_PATHS = "\"AudioBookPlayer/Preview Content\"";
				DEVELOPMENT_TEAM = 3G9T3473T9;
				ENABLE_PREVIEWS = YES;
				GENERATE_INFOPLIST_FILE = NO;
				INFOPLIST_FILE = AudioBookPlayer/Info.plist;
				INFOPLIST_KEY_LSApplicationCategoryType = "public.app-category.books";
				INFOPLIST_KEY_UIApplicationSceneManifest_Generation = YES;
				INFOPLIST_KEY_UIApplicationSupportsIndirectInputEvents = YES;
				INFOPLIST_KEY_UILaunchScreen_Generation = YES;
				INFOPLIST_KEY_UISupportedInterfaceOrientations_iPad = "UIInterfaceOrientationPortrait UIInterfaceOrientationPortraitUpsideDown UIInterfaceOrientationLandscapeLeft UIInterfaceOrientationLandscapeRight";
				INFOPLIST_KEY_UISupportedInterfaceOrientations_iPhone = "UIInterfaceOrientationPortrait UIInterfaceOrientationLandscapeLeft UIInterfaceOrientationLandscapeRight";
				LD_RUNPATH_SEARCH_PATHS = (
					"$(inherited)",
					"@executable_path/Frameworks",
				);
				MARKETING_VERSION = 1.0;
				ONLY_ACTIVE_ARCH = YES;
				PRODUCT_BUNDLE_IDENTIFIER = com.eladkatz.audiobookplayer;
				PRODUCT_NAME = "$(TARGET_NAME)";
				PROVISIONING_PROFILE_SPECIFIER = "";
				SWIFT_COMPILATION_MODE = wholemodule;
				SWIFT_EMIT_LOC_STRINGS = YES;
				SWIFT_VERSION = 5.0;
				TARGETED_DEVICE_FAMILY = "1,2";
			};
			name = Release;
		};
/* End XCBuildConfiguration section */

/* Begin XCConfigurationList section */
		A1000031 /* Build configuration list for PBXNativeTarget "AudioBookPlayer" */ = {
			isa = XCConfigurationList;
			buildConfigurations = (
				A1000039 /* Debug */,
				A1000040 /* Release */,
			);
			defaultConfigurationIsVisible = 0;
			defaultConfigurationName = Release;
		};
		A1000036 /* Build configuration list for PBXProject "AudioBookPlayer" */ = {
			isa = XCConfigurationList;
			buildConfigurations = (
				A1000037 /* Debug */,
				A1000038 /* Release */,
			);
			defaultConfigurationIsVisible = 0;
			defaultConfigurationName = Release;
		};
/* End XCConfigurationList section */

/* Begin XCRemoteSwiftPackageReference section */
		483121952EEFCC3E00AC614C /* XCRemoteSwiftPackageReference "GRDB" */ = {
			isa = XCRemoteSwiftPackageReference;
			repositoryURL = "https://github.com/groue/GRDB.swift";
			requirement = {
				branch = master;
				kind = branch;
			};
		};
		4897A0692EE902FB0042A919 /* XCRemoteSwiftPackageReference "GoogleSignIn-iOS" */ = {
			isa = XCRemoteSwiftPackageReference;
			repositoryURL = "https://github.com/google/GoogleSignIn-iOS";
			requirement = {
				kind = upToNextMajorVersion;
				minimumVersion = 9.0.0;
			};
		};
/* End XCRemoteSwiftPackageReference section */

/* Begin XCSwiftPackageProductDependency section */
		483121962EEFCC3E00AC614C /* GRDB */ = {
			isa = XCSwiftPackageProductDependency;
			package = 483121952EEFCC3E00AC614C /* XCRemoteSwiftPackageReference "GRDB" */;
			productName = GRDB;
		};
		4865BB8B2EEFCDAF0005A693 /* GRDB */ = {
			isa = XCSwiftPackageProductDependency;
			package = 483121952EEFCC3E00AC614C /* XCRemoteSwiftPackageReference "GRDB" */;
			productName = GRDB;
		};
		4897A06A2EE902FB0042A919 /* GoogleSignIn */ = {
			isa = XCSwiftPackageProductDependency;
			package = 4897A0692EE902FB0042A919 /* XCRemoteSwiftPackageReference "GoogleSignIn-iOS" */;
			productName = GoogleSignIn;
		};
/* End XCSwiftPackageProductDependency section */
	};
	rootObject = A1000035 /* Project object */;
}
